
Microsoft Visual Studio Solution File, Format Version 12.00
# Visual Studio Version 16
VisualStudioVersion = 16.0.31613.86
MinimumVisualStudioVersion = 10.0.40219.1
Project("{FAE04EC0-301F-11D3-BF4B-00C04F79EFBC}") = "Lab02", "Lab02.csproj", "{E5D134BB-634E-4320-8038-0807A9F3AC0C}"
EndProject
Global
	GlobalSection(SolutionConfigurationPlatforms) = preSolution
		Debug|Any CPU = Debug|Any CPU
		Release|Any CPU = Release|Any CPU
	EndGlobalSection
	GlobalSection(ProjectConfigurationPlatforms) = postSolution
		{E5D134BB-634E-4320-8038-0807A9F3AC0C}.Debug|Any CPU.ActiveCfg = Debug|Any CPU
		{E5D134BB-634E-4320-8038-0807A9F3AC0C}.Debug|Any CPU.Build.0 = Debug|Any CPU
		{E5D134BB-634E-4320-8038-0807A9F3AC0C}.Release|Any CPU.ActiveCfg = Release|Any CPU
		{E5D134BB-634E-4320-8038-0807A9F3AC0C}.Release|Any CPU.Build.0 = Release|Any CPU
	EndGlobalSection
	GlobalSection(SolutionProperties) = preSolution
		HideSolutionNode = FALSE
	EndGlobalSection
	GlobalSection(ExtensibilityGlobals) = postSolution
		SolutionGuid = {7CDAB099-131E-48BA-B5A5-6D677E758FD0}
	EndGlobalSection
EndGlobal
