
Microsoft Visual Studio Solution File, Format Version 12.00
# Visual Studio Version 16
VisualStudioVersion = 16.0.31613.86
MinimumVisualStudioVersion = 10.0.40219.1
Project("{FAE04EC0-301F-11D3-BF4B-00C04F79EFBC}") = "Lab04", "Lab04.csproj", "{511B2BDB-9754-412A-BDA8-1D600A5AA44B}"
EndProject
Global
	GlobalSection(SolutionConfigurationPlatforms) = preSolution
		Debug|Any CPU = Debug|Any CPU
		Release|Any CPU = Release|Any CPU
	EndGlobalSection
	GlobalSection(ProjectConfigurationPlatforms) = postSolution
		{511B2BDB-9754-412A-BDA8-1D600A5AA44B}.Debug|Any CPU.ActiveCfg = Debug|Any CPU
		{511B2BDB-9754-412A-BDA8-1D600A5AA44B}.Debug|Any CPU.Build.0 = Debug|Any CPU
		{511B2BDB-9754-412A-BDA8-1D600A5AA44B}.Release|Any CPU.ActiveCfg = Release|Any CPU
		{511B2BDB-9754-412A-BDA8-1D600A5AA44B}.Release|Any CPU.Build.0 = Release|Any CPU
	EndGlobalSection
	GlobalSection(SolutionProperties) = preSolution
		HideSolutionNode = FALSE
	EndGlobalSection
	GlobalSection(ExtensibilityGlobals) = postSolution
		SolutionGuid = {D3D5894B-62D6-4B30-8D60-F313D1F52E35}
	EndGlobalSection
EndGlobal
