
Microsoft Visual Studio Solution File, Format Version 12.00
# Visual Studio Version 16
VisualStudioVersion = 16.0.31702.278
MinimumVisualStudioVersion = 10.0.40219.1
Project("{FAE04EC0-301F-11D3-BF4B-00C04F79EFBC}") = "Presentacion", "Presentacion\Presentacion.csproj", "{5877CB87-6634-4293-86A2-357D02BDFF73}"
EndProject
Project("{FAE04EC0-301F-11D3-BF4B-00C04F79EFBC}") = "Datos", "Datos\Datos.csproj", "{7866B357-22F2-4A53-84D4-3609FCB04B2F}"
EndProject
Project("{FAE04EC0-301F-11D3-BF4B-00C04F79EFBC}") = "Negocio", "Negocio\Negocio.csproj", "{10D382A1-59C8-4723-9E9F-92A9638050F0}"
EndProject
Project("{FAE04EC0-301F-11D3-BF4B-00C04F79EFBC}") = "PresentacionWeb", "PresentacionWeb\PresentacionWeb.csproj", "{5E4BD1CC-4CD5-4CA1-AC7A-7ACFB47B20BB}"
EndProject
Global
	GlobalSection(SolutionConfigurationPlatforms) = preSolution
		Debug|Any CPU = Debug|Any CPU
		Release|Any CPU = Release|Any CPU
	EndGlobalSection
	GlobalSection(ProjectConfigurationPlatforms) = postSolution
		{5877CB87-6634-4293-86A2-357D02BDFF73}.Debug|Any CPU.ActiveCfg = Debug|Any CPU
		{5877CB87-6634-4293-86A2-357D02BDFF73}.Debug|Any CPU.Build.0 = Debug|Any CPU
		{5877CB87-6634-4293-86A2-357D02BDFF73}.Release|Any CPU.ActiveCfg = Release|Any CPU
		{5877CB87-6634-4293-86A2-357D02BDFF73}.Release|Any CPU.Build.0 = Release|Any CPU
		{7866B357-22F2-4A53-84D4-3609FCB04B2F}.Debug|Any CPU.ActiveCfg = Debug|Any CPU
		{7866B357-22F2-4A53-84D4-3609FCB04B2F}.Debug|Any CPU.Build.0 = Debug|Any CPU
		{7866B357-22F2-4A53-84D4-3609FCB04B2F}.Release|Any CPU.ActiveCfg = Release|Any CPU
		{7866B357-22F2-4A53-84D4-3609FCB04B2F}.Release|Any CPU.Build.0 = Release|Any CPU
		{10D382A1-59C8-4723-9E9F-92A9638050F0}.Debug|Any CPU.ActiveCfg = Debug|Any CPU
		{10D382A1-59C8-4723-9E9F-92A9638050F0}.Debug|Any CPU.Build.0 = Debug|Any CPU
		{10D382A1-59C8-4723-9E9F-92A9638050F0}.Release|Any CPU.ActiveCfg = Release|Any CPU
		{10D382A1-59C8-4723-9E9F-92A9638050F0}.Release|Any CPU.Build.0 = Release|Any CPU
		{5E4BD1CC-4CD5-4CA1-AC7A-7ACFB47B20BB}.Debug|Any CPU.ActiveCfg = Debug|Any CPU
		{5E4BD1CC-4CD5-4CA1-AC7A-7ACFB47B20BB}.Debug|Any CPU.Build.0 = Debug|Any CPU
		{5E4BD1CC-4CD5-4CA1-AC7A-7ACFB47B20BB}.Release|Any CPU.ActiveCfg = Release|Any CPU
		{5E4BD1CC-4CD5-4CA1-AC7A-7ACFB47B20BB}.Release|Any CPU.Build.0 = Release|Any CPU
	EndGlobalSection
	GlobalSection(SolutionProperties) = preSolution
		HideSolutionNode = FALSE
	EndGlobalSection
	GlobalSection(ExtensibilityGlobals) = postSolution
		SolutionGuid = {6AFE8D15-5E6A-467A-A31F-B5BDC6F2F104}
	EndGlobalSection
EndGlobal
