
Microsoft Visual Studio Solution File, Format Version 12.00
# Visual Studio Version 16
VisualStudioVersion = 16.0.31613.86
MinimumVisualStudioVersion = 10.0.40219.1
Project("{FAE04EC0-301F-11D3-BF4B-00C04F79EFBC}") = "lab05", "lab05.csproj", "{9D7C9E25-1458-4B84-947B-16E1E010DB1A}"
EndProject
Global
	GlobalSection(SolutionConfigurationPlatforms) = preSolution
		Debug|Any CPU = Debug|Any CPU
		Release|Any CPU = Release|Any CPU
	EndGlobalSection
	GlobalSection(ProjectConfigurationPlatforms) = postSolution
		{9D7C9E25-1458-4B84-947B-16E1E010DB1A}.Debug|Any CPU.ActiveCfg = Debug|Any CPU
		{9D7C9E25-1458-4B84-947B-16E1E010DB1A}.Debug|Any CPU.Build.0 = Debug|Any CPU
		{9D7C9E25-1458-4B84-947B-16E1E010DB1A}.Release|Any CPU.ActiveCfg = Release|Any CPU
		{9D7C9E25-1458-4B84-947B-16E1E010DB1A}.Release|Any CPU.Build.0 = Release|Any CPU
	EndGlobalSection
	GlobalSection(SolutionProperties) = preSolution
		HideSolutionNode = FALSE
	EndGlobalSection
	GlobalSection(ExtensibilityGlobals) = postSolution
		SolutionGuid = {341C13CE-BA87-41CC-A547-49DEF4F0D5ED}
	EndGlobalSection
EndGlobal
