
Microsoft Visual Studio Solution File, Format Version 12.00
# Visual Studio Version 16
VisualStudioVersion = 16.0.31729.503
MinimumVisualStudioVersion = 10.0.40219.1
Project("{FAE04EC0-301F-11D3-BF4B-00C04F79EFBC}") = "lab09", "lab09.csproj", "{B1EE3477-19B3-495F-AB36-37704EF0D03D}"
EndProject
Global
	GlobalSection(SolutionConfigurationPlatforms) = preSolution
		Debug|Any CPU = Debug|Any CPU
		Release|Any CPU = Release|Any CPU
	EndGlobalSection
	GlobalSection(ProjectConfigurationPlatforms) = postSolution
		{B1EE3477-19B3-495F-AB36-37704EF0D03D}.Debug|Any CPU.ActiveCfg = Debug|Any CPU
		{B1EE3477-19B3-495F-AB36-37704EF0D03D}.Debug|Any CPU.Build.0 = Debug|Any CPU
		{B1EE3477-19B3-495F-AB36-37704EF0D03D}.Release|Any CPU.ActiveCfg = Release|Any CPU
		{B1EE3477-19B3-495F-AB36-37704EF0D03D}.Release|Any CPU.Build.0 = Release|Any CPU
	EndGlobalSection
	GlobalSection(SolutionProperties) = preSolution
		HideSolutionNode = FALSE
	EndGlobalSection
	GlobalSection(ExtensibilityGlobals) = postSolution
		SolutionGuid = {A7F46D18-3502-48AB-8B14-84323CD7D200}
	EndGlobalSection
EndGlobal
